
Microsoft Visual Studio Solution File, Format Version 12.00
# Visual Studio 14
VisualStudioVersion = 14.0.25420.1
MinimumVisualStudioVersion = 10.0.40219.1
Project("{FAE04EC0-301F-11D3-BF4B-00C04F79EFBC}") = "sliderPuzzle", "sliderPuzzle\sliderPuzzle\sliderPuzzle.csproj", "{C5BE73EA-57AD-4479-AABA-5056B9D98637}"
EndProject
Project("{FAE04EC0-301F-11D3-BF4B-00C04F79EFBC}") = "sliderPuzzle.Droid", "sliderPuzzle\sliderPuzzle.Droid\sliderPuzzle.Droid.csproj", "{E0F5A43F-CAE2-4635-9446-7CE58F1FC528}"
EndProject
Project("{FAE04EC0-301F-11D3-BF4B-00C04F79EFBC}") = "sliderPuzzle.iOS", "sliderPuzzle\sliderPuzzle.iOS\sliderPuzzle.iOS.csproj", "{27FFAFA4-5DEB-429B-90E7-DC02C7936D9A}"
EndProject
Project("{FAE04EC0-301F-11D3-BF4B-00C04F79EFBC}") = "sliderPuzzle.WinPhone", "sliderPuzzle\sliderPuzzle.WinPhone\sliderPuzzle.WinPhone.csproj", "{28615700-F638-4B0A-A125-D130583330A7}"
EndProject
Project("{FAE04EC0-301F-11D3-BF4B-00C04F79EFBC}") = "sliderPuzzle.UWP", "sliderPuzzle\sliderPuzzle.UWP\sliderPuzzle.UWP.csproj", "{2A507ADA-2C47-4B2C-AA90-8515C46751B2}"
EndProject
Project("{FAE04EC0-301F-11D3-BF4B-00C04F79EFBC}") = "sliderPuzzle.Windows", "sliderPuzzle\sliderPuzzle.Windows\sliderPuzzle.Windows.csproj", "{A90B4352-8CC5-4AAD-9C44-EB695CA27433}"
EndProject
Global
	GlobalSection(SolutionConfigurationPlatforms) = preSolution
		Ad-Hoc|Any CPU = Ad-Hoc|Any CPU
		Ad-Hoc|ARM = Ad-Hoc|ARM
		Ad-Hoc|iPhone = Ad-Hoc|iPhone
		Ad-Hoc|iPhoneSimulator = Ad-Hoc|iPhoneSimulator
		Ad-Hoc|x64 = Ad-Hoc|x64
		Ad-Hoc|x86 = Ad-Hoc|x86
		AppStore|Any CPU = AppStore|Any CPU
		AppStore|ARM = AppStore|ARM
		AppStore|iPhone = AppStore|iPhone
		AppStore|iPhoneSimulator = AppStore|iPhoneSimulator
		AppStore|x64 = AppStore|x64
		AppStore|x86 = AppStore|x86
		Debug|Any CPU = Debug|Any CPU
		Debug|ARM = Debug|ARM
		Debug|iPhone = Debug|iPhone
		Debug|iPhoneSimulator = Debug|iPhoneSimulator
		Debug|x64 = Debug|x64
		Debug|x86 = Debug|x86
		Release|Any CPU = Release|Any CPU
		Release|ARM = Release|ARM
		Release|iPhone = Release|iPhone
		Release|iPhoneSimulator = Release|iPhoneSimulator
		Release|x64 = Release|x64
		Release|x86 = Release|x86
	EndGlobalSection
	GlobalSection(ProjectConfigurationPlatforms) = postSolution
		{C5BE73EA-57AD-4479-AABA-5056B9D98637}.Ad-Hoc|Any CPU.ActiveCfg = Release|Any CPU
		{C5BE73EA-57AD-4479-AABA-5056B9D98637}.Ad-Hoc|Any CPU.Build.0 = Release|Any CPU
		{C5BE73EA-57AD-4479-AABA-5056B9D98637}.Ad-Hoc|ARM.ActiveCfg = Release|Any CPU
		{C5BE73EA-57AD-4479-AABA-5056B9D98637}.Ad-Hoc|ARM.Build.0 = Release|Any CPU
		{C5BE73EA-57AD-4479-AABA-5056B9D98637}.Ad-Hoc|iPhone.ActiveCfg = Release|Any CPU
		{C5BE73EA-57AD-4479-AABA-5056B9D98637}.Ad-Hoc|iPhone.Build.0 = Release|Any CPU
		{C5BE73EA-57AD-4479-AABA-5056B9D98637}.Ad-Hoc|iPhoneSimulator.ActiveCfg = Release|Any CPU
		{C5BE73EA-57AD-4479-AABA-5056B9D98637}.Ad-Hoc|iPhoneSimulator.Build.0 = Release|Any CPU
		{C5BE73EA-57AD-4479-AABA-5056B9D98637}.Ad-Hoc|x64.ActiveCfg = Release|Any CPU
		{C5BE73EA-57AD-4479-AABA-5056B9D98637}.Ad-Hoc|x64.Build.0 = Release|Any CPU
		{C5BE73EA-57AD-4479-AABA-5056B9D98637}.Ad-Hoc|x86.ActiveCfg = Release|Any CPU
		{C5BE73EA-57AD-4479-AABA-5056B9D98637}.Ad-Hoc|x86.Build.0 = Release|Any CPU
		{C5BE73EA-57AD-4479-AABA-5056B9D98637}.AppStore|Any CPU.ActiveCfg = Release|Any CPU
		{C5BE73EA-57AD-4479-AABA-5056B9D98637}.AppStore|Any CPU.Build.0 = Release|Any CPU
		{C5BE73EA-57AD-4479-AABA-5056B9D98637}.AppStore|ARM.ActiveCfg = Release|Any CPU
		{C5BE73EA-57AD-4479-AABA-5056B9D98637}.AppStore|ARM.Build.0 = Release|Any CPU
		{C5BE73EA-57AD-4479-AABA-5056B9D98637}.AppStore|iPhone.ActiveCfg = Release|Any CPU
		{C5BE73EA-57AD-4479-AABA-5056B9D98637}.AppStore|iPhone.Build.0 = Release|Any CPU
		{C5BE73EA-57AD-4479-AABA-5056B9D98637}.AppStore|iPhoneSimulator.ActiveCfg = Release|Any CPU
		{C5BE73EA-57AD-4479-AABA-5056B9D98637}.AppStore|iPhoneSimulator.Build.0 = Release|Any CPU
		{C5BE73EA-57AD-4479-AABA-5056B9D98637}.AppStore|x64.ActiveCfg = Release|Any CPU
		{C5BE73EA-57AD-4479-AABA-5056B9D98637}.AppStore|x64.Build.0 = Release|Any CPU
		{C5BE73EA-57AD-4479-AABA-5056B9D98637}.AppStore|x86.ActiveCfg = Release|Any CPU
		{C5BE73EA-57AD-4479-AABA-5056B9D98637}.AppStore|x86.Build.0 = Release|Any CPU
		{C5BE73EA-57AD-4479-AABA-5056B9D98637}.Debug|Any CPU.ActiveCfg = Debug|Any CPU
		{C5BE73EA-57AD-4479-AABA-5056B9D98637}.Debug|Any CPU.Build.0 = Debug|Any CPU
		{C5BE73EA-57AD-4479-AABA-5056B9D98637}.Debug|ARM.ActiveCfg = Debug|Any CPU
		{C5BE73EA-57AD-4479-AABA-5056B9D98637}.Debug|ARM.Build.0 = Debug|Any CPU
		{C5BE73EA-57AD-4479-AABA-5056B9D98637}.Debug|iPhone.ActiveCfg = Debug|Any CPU
		{C5BE73EA-57AD-4479-AABA-5056B9D98637}.Debug|iPhone.Build.0 = Debug|Any CPU
		{C5BE73EA-57AD-4479-AABA-5056B9D98637}.Debug|iPhoneSimulator.ActiveCfg = Debug|Any CPU
		{C5BE73EA-57AD-4479-AABA-5056B9D98637}.Debug|iPhoneSimulator.Build.0 = Debug|Any CPU
		{C5BE73EA-57AD-4479-AABA-5056B9D98637}.Debug|x64.ActiveCfg = Debug|Any CPU
		{C5BE73EA-57AD-4479-AABA-5056B9D98637}.Debug|x64.Build.0 = Debug|Any CPU
		{C5BE73EA-57AD-4479-AABA-5056B9D98637}.Debug|x86.ActiveCfg = Debug|Any CPU
		{C5BE73EA-57AD-4479-AABA-5056B9D98637}.Debug|x86.Build.0 = Debug|Any CPU
		{C5BE73EA-57AD-4479-AABA-5056B9D98637}.Release|Any CPU.ActiveCfg = Release|Any CPU
		{C5BE73EA-57AD-4479-AABA-5056B9D98637}.Release|Any CPU.Build.0 = Release|Any CPU
		{C5BE73EA-57AD-4479-AABA-5056B9D98637}.Release|ARM.ActiveCfg = Release|Any CPU
		{C5BE73EA-57AD-4479-AABA-5056B9D98637}.Release|ARM.Build.0 = Release|Any CPU
		{C5BE73EA-57AD-4479-AABA-5056B9D98637}.Release|iPhone.ActiveCfg = Release|Any CPU
		{C5BE73EA-57AD-4479-AABA-5056B9D98637}.Release|iPhone.Build.0 = Release|Any CPU
		{C5BE73EA-57AD-4479-AABA-5056B9D98637}.Release|iPhoneSimulator.ActiveCfg = Release|Any CPU
		{C5BE73EA-57AD-4479-AABA-5056B9D98637}.Release|iPhoneSimulator.Build.0 = Release|Any CPU
		{C5BE73EA-57AD-4479-AABA-5056B9D98637}.Release|x64.ActiveCfg = Release|Any CPU
		{C5BE73EA-57AD-4479-AABA-5056B9D98637}.Release|x64.Build.0 = Release|Any CPU
		{C5BE73EA-57AD-4479-AABA-5056B9D98637}.Release|x86.ActiveCfg = Release|Any CPU
		{C5BE73EA-57AD-4479-AABA-5056B9D98637}.Release|x86.Build.0 = Release|Any CPU
		{E0F5A43F-CAE2-4635-9446-7CE58F1FC528}.Ad-Hoc|Any CPU.ActiveCfg = Release|Any CPU
		{E0F5A43F-CAE2-4635-9446-7CE58F1FC528}.Ad-Hoc|Any CPU.Build.0 = Release|Any CPU
		{E0F5A43F-CAE2-4635-9446-7CE58F1FC528}.Ad-Hoc|Any CPU.Deploy.0 = Release|Any CPU
		{E0F5A43F-CAE2-4635-9446-7CE58F1FC528}.Ad-Hoc|ARM.ActiveCfg = Release|Any CPU
		{E0F5A43F-CAE2-4635-9446-7CE58F1FC528}.Ad-Hoc|ARM.Build.0 = Release|Any CPU
		{E0F5A43F-CAE2-4635-9446-7CE58F1FC528}.Ad-Hoc|ARM.Deploy.0 = Release|Any CPU
		{E0F5A43F-CAE2-4635-9446-7CE58F1FC528}.Ad-Hoc|iPhone.ActiveCfg = Release|Any CPU
		{E0F5A43F-CAE2-4635-9446-7CE58F1FC528}.Ad-Hoc|iPhone.Build.0 = Release|Any CPU
		{E0F5A43F-CAE2-4635-9446-7CE58F1FC528}.Ad-Hoc|iPhone.Deploy.0 = Release|Any CPU
		{E0F5A43F-CAE2-4635-9446-7CE58F1FC528}.Ad-Hoc|iPhoneSimulator.ActiveCfg = Release|Any CPU
		{E0F5A43F-CAE2-4635-9446-7CE58F1FC528}.Ad-Hoc|iPhoneSimulator.Build.0 = Release|Any CPU
		{E0F5A43F-CAE2-4635-9446-7CE58F1FC528}.Ad-Hoc|iPhoneSimulator.Deploy.0 = Release|Any CPU
		{E0F5A43F-CAE2-4635-9446-7CE58F1FC528}.Ad-Hoc|x64.ActiveCfg = Release|Any CPU
		{E0F5A43F-CAE2-4635-9446-7CE58F1FC528}.Ad-Hoc|x64.Build.0 = Release|Any CPU
		{E0F5A43F-CAE2-4635-9446-7CE58F1FC528}.Ad-Hoc|x64.Deploy.0 = Release|Any CPU
		{E0F5A43F-CAE2-4635-9446-7CE58F1FC528}.Ad-Hoc|x86.ActiveCfg = Release|Any CPU
		{E0F5A43F-CAE2-4635-9446-7CE58F1FC528}.Ad-Hoc|x86.Build.0 = Release|Any CPU
		{E0F5A43F-CAE2-4635-9446-7CE58F1FC528}.Ad-Hoc|x86.Deploy.0 = Release|Any CPU
		{E0F5A43F-CAE2-4635-9446-7CE58F1FC528}.AppStore|Any CPU.ActiveCfg = Release|Any CPU
		{E0F5A43F-CAE2-4635-9446-7CE58F1FC528}.AppStore|Any CPU.Build.0 = Release|Any CPU
		{E0F5A43F-CAE2-4635-9446-7CE58F1FC528}.AppStore|Any CPU.Deploy.0 = Release|Any CPU
		{E0F5A43F-CAE2-4635-9446-7CE58F1FC528}.AppStore|ARM.ActiveCfg = Release|Any CPU
		{E0F5A43F-CAE2-4635-9446-7CE58F1FC528}.AppStore|ARM.Build.0 = Release|Any CPU
		{E0F5A43F-CAE2-4635-9446-7CE58F1FC528}.AppStore|ARM.Deploy.0 = Release|Any CPU
		{E0F5A43F-CAE2-4635-9446-7CE58F1FC528}.AppStore|iPhone.ActiveCfg = Release|Any CPU
		{E0F5A43F-CAE2-4635-9446-7CE58F1FC528}.AppStore|iPhone.Build.0 = Release|Any CPU
		{E0F5A43F-CAE2-4635-9446-7CE58F1FC528}.AppStore|iPhone.Deploy.0 = Release|Any CPU
		{E0F5A43F-CAE2-4635-9446-7CE58F1FC528}.AppStore|iPhoneSimulator.ActiveCfg = Release|Any CPU
		{E0F5A43F-CAE2-4635-9446-7CE58F1FC528}.AppStore|iPhoneSimulator.Build.0 = Release|Any CPU
		{E0F5A43F-CAE2-4635-9446-7CE58F1FC528}.AppStore|iPhoneSimulator.Deploy.0 = Release|Any CPU
		{E0F5A43F-CAE2-4635-9446-7CE58F1FC528}.AppStore|x64.ActiveCfg = Release|Any CPU
		{E0F5A43F-CAE2-4635-9446-7CE58F1FC528}.AppStore|x64.Build.0 = Release|Any CPU
		{E0F5A43F-CAE2-4635-9446-7CE58F1FC528}.AppStore|x64.Deploy.0 = Release|Any CPU
		{E0F5A43F-CAE2-4635-9446-7CE58F1FC528}.AppStore|x86.ActiveCfg = Release|Any CPU
		{E0F5A43F-CAE2-4635-9446-7CE58F1FC528}.AppStore|x86.Build.0 = Release|Any CPU
		{E0F5A43F-CAE2-4635-9446-7CE58F1FC528}.AppStore|x86.Deploy.0 = Release|Any CPU
		{E0F5A43F-CAE2-4635-9446-7CE58F1FC528}.Debug|Any CPU.ActiveCfg = Debug|Any CPU
		{E0F5A43F-CAE2-4635-9446-7CE58F1FC528}.Debug|Any CPU.Build.0 = Debug|Any CPU
		{E0F5A43F-CAE2-4635-9446-7CE58F1FC528}.Debug|Any CPU.Deploy.0 = Debug|Any CPU
		{E0F5A43F-CAE2-4635-9446-7CE58F1FC528}.Debug|ARM.ActiveCfg = Debug|Any CPU
		{E0F5A43F-CAE2-4635-9446-7CE58F1FC528}.Debug|ARM.Build.0 = Debug|Any CPU
		{E0F5A43F-CAE2-4635-9446-7CE58F1FC528}.Debug|ARM.Deploy.0 = Debug|Any CPU
		{E0F5A43F-CAE2-4635-9446-7CE58F1FC528}.Debug|iPhone.ActiveCfg = Debug|Any CPU
		{E0F5A43F-CAE2-4635-9446-7CE58F1FC528}.Debug|iPhone.Build.0 = Debug|Any CPU
		{E0F5A43F-CAE2-4635-9446-7CE58F1FC528}.Debug|iPhone.Deploy.0 = Debug|Any CPU
		{E0F5A43F-CAE2-4635-9446-7CE58F1FC528}.Debug|iPhoneSimulator.ActiveCfg = Debug|Any CPU
		{E0F5A43F-CAE2-4635-9446-7CE58F1FC528}.Debug|iPhoneSimulator.Build.0 = Debug|Any CPU
		{E0F5A43F-CAE2-4635-9446-7CE58F1FC528}.Debug|iPhoneSimulator.Deploy.0 = Debug|Any CPU
		{E0F5A43F-CAE2-4635-9446-7CE58F1FC528}.Debug|x64.ActiveCfg = Debug|Any CPU
		{E0F5A43F-CAE2-4635-9446-7CE58F1FC528}.Debug|x64.Build.0 = Debug|Any CPU
		{E0F5A43F-CAE2-4635-9446-7CE58F1FC528}.Debug|x64.Deploy.0 = Debug|Any CPU
		{E0F5A43F-CAE2-4635-9446-7CE58F1FC528}.Debug|x86.ActiveCfg = Debug|Any CPU
		{E0F5A43F-CAE2-4635-9446-7CE58F1FC528}.Debug|x86.Build.0 = Debug|Any CPU
		{E0F5A43F-CAE2-4635-9446-7CE58F1FC528}.Debug|x86.Deploy.0 = Debug|Any CPU
		{E0F5A43F-CAE2-4635-9446-7CE58F1FC528}.Release|Any CPU.ActiveCfg = Release|Any CPU
		{E0F5A43F-CAE2-4635-9446-7CE58F1FC528}.Release|Any CPU.Build.0 = Release|Any CPU
		{E0F5A43F-CAE2-4635-9446-7CE58F1FC528}.Release|Any CPU.Deploy.0 = Release|Any CPU
		{E0F5A43F-CAE2-4635-9446-7CE58F1FC528}.Release|ARM.ActiveCfg = Release|Any CPU
		{E0F5A43F-CAE2-4635-9446-7CE58F1FC528}.Release|ARM.Build.0 = Release|Any CPU
		{E0F5A43F-CAE2-4635-9446-7CE58F1FC528}.Release|ARM.Deploy.0 = Release|Any CPU
		{E0F5A43F-CAE2-4635-9446-7CE58F1FC528}.Release|iPhone.ActiveCfg = Release|Any CPU
		{E0F5A43F-CAE2-4635-9446-7CE58F1FC528}.Release|iPhone.Build.0 = Release|Any CPU
		{E0F5A43F-CAE2-4635-9446-7CE58F1FC528}.Release|iPhone.Deploy.0 = Release|Any CPU
		{E0F5A43F-CAE2-4635-9446-7CE58F1FC528}.Release|iPhoneSimulator.ActiveCfg = Release|Any CPU
		{E0F5A43F-CAE2-4635-9446-7CE58F1FC528}.Release|iPhoneSimulator.Build.0 = Release|Any CPU
		{E0F5A43F-CAE2-4635-9446-7CE58F1FC528}.Release|iPhoneSimulator.Deploy.0 = Release|Any CPU
		{E0F5A43F-CAE2-4635-9446-7CE58F1FC528}.Release|x64.ActiveCfg = Release|Any CPU
		{E0F5A43F-CAE2-4635-9446-7CE58F1FC528}.Release|x64.Build.0 = Release|Any CPU
		{E0F5A43F-CAE2-4635-9446-7CE58F1FC528}.Release|x64.Deploy.0 = Release|Any CPU
		{E0F5A43F-CAE2-4635-9446-7CE58F1FC528}.Release|x86.ActiveCfg = Release|Any CPU
		{E0F5A43F-CAE2-4635-9446-7CE58F1FC528}.Release|x86.Build.0 = Release|Any CPU
		{E0F5A43F-CAE2-4635-9446-7CE58F1FC528}.Release|x86.Deploy.0 = Release|Any CPU
		{27FFAFA4-5DEB-429B-90E7-DC02C7936D9A}.Ad-Hoc|Any CPU.ActiveCfg = Ad-Hoc|iPhone
		{27FFAFA4-5DEB-429B-90E7-DC02C7936D9A}.Ad-Hoc|ARM.ActiveCfg = Ad-Hoc|iPhone
		{27FFAFA4-5DEB-429B-90E7-DC02C7936D9A}.Ad-Hoc|iPhone.ActiveCfg = Ad-Hoc|iPhone
		{27FFAFA4-5DEB-429B-90E7-DC02C7936D9A}.Ad-Hoc|iPhone.Build.0 = Ad-Hoc|iPhone
		{27FFAFA4-5DEB-429B-90E7-DC02C7936D9A}.Ad-Hoc|iPhoneSimulator.ActiveCfg = Ad-Hoc|iPhoneSimulator
		{27FFAFA4-5DEB-429B-90E7-DC02C7936D9A}.Ad-Hoc|iPhoneSimulator.Build.0 = Ad-Hoc|iPhoneSimulator
		{27FFAFA4-5DEB-429B-90E7-DC02C7936D9A}.Ad-Hoc|x64.ActiveCfg = Ad-Hoc|iPhone
		{27FFAFA4-5DEB-429B-90E7-DC02C7936D9A}.Ad-Hoc|x86.ActiveCfg = Ad-Hoc|iPhone
		{27FFAFA4-5DEB-429B-90E7-DC02C7936D9A}.AppStore|Any CPU.ActiveCfg = AppStore|iPhone
		{27FFAFA4-5DEB-429B-90E7-DC02C7936D9A}.AppStore|ARM.ActiveCfg = AppStore|iPhone
		{27FFAFA4-5DEB-429B-90E7-DC02C7936D9A}.AppStore|iPhone.ActiveCfg = AppStore|iPhone
		{27FFAFA4-5DEB-429B-90E7-DC02C7936D9A}.AppStore|iPhone.Build.0 = AppStore|iPhone
		{27FFAFA4-5DEB-429B-90E7-DC02C7936D9A}.AppStore|iPhoneSimulator.ActiveCfg = AppStore|iPhoneSimulator
		{27FFAFA4-5DEB-429B-90E7-DC02C7936D9A}.AppStore|iPhoneSimulator.Build.0 = AppStore|iPhoneSimulator
		{27FFAFA4-5DEB-429B-90E7-DC02C7936D9A}.AppStore|x64.ActiveCfg = AppStore|iPhone
		{27FFAFA4-5DEB-429B-90E7-DC02C7936D9A}.AppStore|x86.ActiveCfg = AppStore|iPhone
		{27FFAFA4-5DEB-429B-90E7-DC02C7936D9A}.Debug|Any CPU.ActiveCfg = Debug|iPhone
		{27FFAFA4-5DEB-429B-90E7-DC02C7936D9A}.Debug|ARM.ActiveCfg = Debug|iPhone
		{27FFAFA4-5DEB-429B-90E7-DC02C7936D9A}.Debug|iPhone.ActiveCfg = Debug|iPhone
		{27FFAFA4-5DEB-429B-90E7-DC02C7936D9A}.Debug|iPhone.Build.0 = Debug|iPhone
		{27FFAFA4-5DEB-429B-90E7-DC02C7936D9A}.Debug|iPhoneSimulator.ActiveCfg = Debug|iPhoneSimulator
		{27FFAFA4-5DEB-429B-90E7-DC02C7936D9A}.Debug|iPhoneSimulator.Build.0 = Debug|iPhoneSimulator
		{27FFAFA4-5DEB-429B-90E7-DC02C7936D9A}.Debug|x64.ActiveCfg = Debug|iPhone
		{27FFAFA4-5DEB-429B-90E7-DC02C7936D9A}.Debug|x86.ActiveCfg = Debug|iPhone
		{27FFAFA4-5DEB-429B-90E7-DC02C7936D9A}.Release|Any CPU.ActiveCfg = Release|iPhone
		{27FFAFA4-5DEB-429B-90E7-DC02C7936D9A}.Release|ARM.ActiveCfg = Release|iPhone
		{27FFAFA4-5DEB-429B-90E7-DC02C7936D9A}.Release|iPhone.ActiveCfg = Release|iPhone
		{27FFAFA4-5DEB-429B-90E7-DC02C7936D9A}.Release|iPhone.Build.0 = Release|iPhone
		{27FFAFA4-5DEB-429B-90E7-DC02C7936D9A}.Release|iPhoneSimulator.ActiveCfg = Release|iPhoneSimulator
		{27FFAFA4-5DEB-429B-90E7-DC02C7936D9A}.Release|iPhoneSimulator.Build.0 = Release|iPhoneSimulator
		{27FFAFA4-5DEB-429B-90E7-DC02C7936D9A}.Release|x64.ActiveCfg = Release|iPhone
		{27FFAFA4-5DEB-429B-90E7-DC02C7936D9A}.Release|x86.ActiveCfg = Release|iPhone
		{28615700-F638-4B0A-A125-D130583330A7}.Ad-Hoc|Any CPU.ActiveCfg = Release|Any CPU
		{28615700-F638-4B0A-A125-D130583330A7}.Ad-Hoc|Any CPU.Build.0 = Release|Any CPU
		{28615700-F638-4B0A-A125-D130583330A7}.Ad-Hoc|Any CPU.Deploy.0 = Release|Any CPU
		{28615700-F638-4B0A-A125-D130583330A7}.Ad-Hoc|ARM.ActiveCfg = Release|ARM
		{28615700-F638-4B0A-A125-D130583330A7}.Ad-Hoc|ARM.Build.0 = Release|ARM
		{28615700-F638-4B0A-A125-D130583330A7}.Ad-Hoc|ARM.Deploy.0 = Release|ARM
		{28615700-F638-4B0A-A125-D130583330A7}.Ad-Hoc|iPhone.ActiveCfg = Release|Any CPU
		{28615700-F638-4B0A-A125-D130583330A7}.Ad-Hoc|iPhone.Build.0 = Release|Any CPU
		{28615700-F638-4B0A-A125-D130583330A7}.Ad-Hoc|iPhone.Deploy.0 = Release|Any CPU
		{28615700-F638-4B0A-A125-D130583330A7}.Ad-Hoc|iPhoneSimulator.ActiveCfg = Release|Any CPU
		{28615700-F638-4B0A-A125-D130583330A7}.Ad-Hoc|iPhoneSimulator.Build.0 = Release|Any CPU
		{28615700-F638-4B0A-A125-D130583330A7}.Ad-Hoc|iPhoneSimulator.Deploy.0 = Release|Any CPU
		{28615700-F638-4B0A-A125-D130583330A7}.Ad-Hoc|x64.ActiveCfg = Release|Any CPU
		{28615700-F638-4B0A-A125-D130583330A7}.Ad-Hoc|x64.Build.0 = Release|Any CPU
		{28615700-F638-4B0A-A125-D130583330A7}.Ad-Hoc|x64.Deploy.0 = Release|Any CPU
		{28615700-F638-4B0A-A125-D130583330A7}.Ad-Hoc|x86.ActiveCfg = Release|x86
		{28615700-F638-4B0A-A125-D130583330A7}.Ad-Hoc|x86.Build.0 = Release|x86
		{28615700-F638-4B0A-A125-D130583330A7}.Ad-Hoc|x86.Deploy.0 = Release|x86
		{28615700-F638-4B0A-A125-D130583330A7}.AppStore|Any CPU.ActiveCfg = Release|Any CPU
		{28615700-F638-4B0A-A125-D130583330A7}.AppStore|Any CPU.Build.0 = Release|Any CPU
		{28615700-F638-4B0A-A125-D130583330A7}.AppStore|Any CPU.Deploy.0 = Release|Any CPU
		{28615700-F638-4B0A-A125-D130583330A7}.AppStore|ARM.ActiveCfg = Release|ARM
		{28615700-F638-4B0A-A125-D130583330A7}.AppStore|ARM.Build.0 = Release|ARM
		{28615700-F638-4B0A-A125-D130583330A7}.AppStore|ARM.Deploy.0 = Release|ARM
		{28615700-F638-4B0A-A125-D130583330A7}.AppStore|iPhone.ActiveCfg = Release|Any CPU
		{28615700-F638-4B0A-A125-D130583330A7}.AppStore|iPhone.Build.0 = Release|Any CPU
		{28615700-F638-4B0A-A125-D130583330A7}.AppStore|iPhone.Deploy.0 = Release|Any CPU
		{28615700-F638-4B0A-A125-D130583330A7}.AppStore|iPhoneSimulator.ActiveCfg = Release|Any CPU
		{28615700-F638-4B0A-A125-D130583330A7}.AppStore|iPhoneSimulator.Build.0 = Release|Any CPU
		{28615700-F638-4B0A-A125-D130583330A7}.AppStore|iPhoneSimulator.Deploy.0 = Release|Any CPU
		{28615700-F638-4B0A-A125-D130583330A7}.AppStore|x64.ActiveCfg = Release|Any CPU
		{28615700-F638-4B0A-A125-D130583330A7}.AppStore|x64.Build.0 = Release|Any CPU
		{28615700-F638-4B0A-A125-D130583330A7}.AppStore|x64.Deploy.0 = Release|Any CPU
		{28615700-F638-4B0A-A125-D130583330A7}.AppStore|x86.ActiveCfg = Release|x86
		{28615700-F638-4B0A-A125-D130583330A7}.AppStore|x86.Build.0 = Release|x86
		{28615700-F638-4B0A-A125-D130583330A7}.AppStore|x86.Deploy.0 = Release|x86
		{28615700-F638-4B0A-A125-D130583330A7}.Debug|Any CPU.ActiveCfg = Debug|Any CPU
		{28615700-F638-4B0A-A125-D130583330A7}.Debug|Any CPU.Build.0 = Debug|Any CPU
		{28615700-F638-4B0A-A125-D130583330A7}.Debug|Any CPU.Deploy.0 = Debug|Any CPU
		{28615700-F638-4B0A-A125-D130583330A7}.Debug|ARM.ActiveCfg = Debug|ARM
		{28615700-F638-4B0A-A125-D130583330A7}.Debug|ARM.Build.0 = Debug|ARM
		{28615700-F638-4B0A-A125-D130583330A7}.Debug|ARM.Deploy.0 = Debug|ARM
		{28615700-F638-4B0A-A125-D130583330A7}.Debug|iPhone.ActiveCfg = Debug|Any CPU
		{28615700-F638-4B0A-A125-D130583330A7}.Debug|iPhone.Build.0 = Debug|Any CPU
		{28615700-F638-4B0A-A125-D130583330A7}.Debug|iPhone.Deploy.0 = Debug|Any CPU
		{28615700-F638-4B0A-A125-D130583330A7}.Debug|iPhoneSimulator.ActiveCfg = Debug|Any CPU
		{28615700-F638-4B0A-A125-D130583330A7}.Debug|iPhoneSimulator.Build.0 = Debug|Any CPU
		{28615700-F638-4B0A-A125-D130583330A7}.Debug|iPhoneSimulator.Deploy.0 = Debug|Any CPU
		{28615700-F638-4B0A-A125-D130583330A7}.Debug|x64.ActiveCfg = Debug|Any CPU
		{28615700-F638-4B0A-A125-D130583330A7}.Debug|x64.Build.0 = Debug|Any CPU
		{28615700-F638-4B0A-A125-D130583330A7}.Debug|x64.Deploy.0 = Debug|Any CPU
		{28615700-F638-4B0A-A125-D130583330A7}.Debug|x86.ActiveCfg = Debug|x86
		{28615700-F638-4B0A-A125-D130583330A7}.Debug|x86.Build.0 = Debug|x86
		{28615700-F638-4B0A-A125-D130583330A7}.Debug|x86.Deploy.0 = Debug|x86
		{28615700-F638-4B0A-A125-D130583330A7}.Release|Any CPU.ActiveCfg = Release|Any CPU
		{28615700-F638-4B0A-A125-D130583330A7}.Release|Any CPU.Build.0 = Release|Any CPU
		{28615700-F638-4B0A-A125-D130583330A7}.Release|Any CPU.Deploy.0 = Release|Any CPU
		{28615700-F638-4B0A-A125-D130583330A7}.Release|ARM.ActiveCfg = Release|ARM
		{28615700-F638-4B0A-A125-D130583330A7}.Release|ARM.Build.0 = Release|ARM
		{28615700-F638-4B0A-A125-D130583330A7}.Release|ARM.Deploy.0 = Release|ARM
		{28615700-F638-4B0A-A125-D130583330A7}.Release|iPhone.ActiveCfg = Release|Any CPU
		{28615700-F638-4B0A-A125-D130583330A7}.Release|iPhone.Build.0 = Release|Any CPU
		{28615700-F638-4B0A-A125-D130583330A7}.Release|iPhone.Deploy.0 = Release|Any CPU
		{28615700-F638-4B0A-A125-D130583330A7}.Release|iPhoneSimulator.ActiveCfg = Release|Any CPU
		{28615700-F638-4B0A-A125-D130583330A7}.Release|iPhoneSimulator.Build.0 = Release|Any CPU
		{28615700-F638-4B0A-A125-D130583330A7}.Release|iPhoneSimulator.Deploy.0 = Release|Any CPU
		{28615700-F638-4B0A-A125-D130583330A7}.Release|x64.ActiveCfg = Release|Any CPU
		{28615700-F638-4B0A-A125-D130583330A7}.Release|x64.Build.0 = Release|Any CPU
		{28615700-F638-4B0A-A125-D130583330A7}.Release|x64.Deploy.0 = Release|Any CPU
		{28615700-F638-4B0A-A125-D130583330A7}.Release|x86.ActiveCfg = Release|x86
		{28615700-F638-4B0A-A125-D130583330A7}.Release|x86.Build.0 = Release|x86
		{28615700-F638-4B0A-A125-D130583330A7}.Release|x86.Deploy.0 = Release|x86
		{2A507ADA-2C47-4B2C-AA90-8515C46751B2}.Ad-Hoc|Any CPU.ActiveCfg = Release|x86
		{2A507ADA-2C47-4B2C-AA90-8515C46751B2}.Ad-Hoc|Any CPU.Build.0 = Release|x86
		{2A507ADA-2C47-4B2C-AA90-8515C46751B2}.Ad-Hoc|Any CPU.Deploy.0 = Release|x86
		{2A507ADA-2C47-4B2C-AA90-8515C46751B2}.Ad-Hoc|ARM.ActiveCfg = Release|ARM
		{2A507ADA-2C47-4B2C-AA90-8515C46751B2}.Ad-Hoc|ARM.Build.0 = Release|ARM
		{2A507ADA-2C47-4B2C-AA90-8515C46751B2}.Ad-Hoc|ARM.Deploy.0 = Release|ARM
		{2A507ADA-2C47-4B2C-AA90-8515C46751B2}.Ad-Hoc|iPhone.ActiveCfg = Release|x86
		{2A507ADA-2C47-4B2C-AA90-8515C46751B2}.Ad-Hoc|iPhone.Build.0 = Release|x86
		{2A507ADA-2C47-4B2C-AA90-8515C46751B2}.Ad-Hoc|iPhone.Deploy.0 = Release|x86
		{2A507ADA-2C47-4B2C-AA90-8515C46751B2}.Ad-Hoc|iPhoneSimulator.ActiveCfg = Release|x86
		{2A507ADA-2C47-4B2C-AA90-8515C46751B2}.Ad-Hoc|iPhoneSimulator.Build.0 = Release|x86
		{2A507ADA-2C47-4B2C-AA90-8515C46751B2}.Ad-Hoc|iPhoneSimulator.Deploy.0 = Release|x86
		{2A507ADA-2C47-4B2C-AA90-8515C46751B2}.Ad-Hoc|x64.ActiveCfg = Release|x64
		{2A507ADA-2C47-4B2C-AA90-8515C46751B2}.Ad-Hoc|x64.Build.0 = Release|x64
		{2A507ADA-2C47-4B2C-AA90-8515C46751B2}.Ad-Hoc|x64.Deploy.0 = Release|x64
		{2A507ADA-2C47-4B2C-AA90-8515C46751B2}.Ad-Hoc|x86.ActiveCfg = Release|x86
		{2A507ADA-2C47-4B2C-AA90-8515C46751B2}.Ad-Hoc|x86.Build.0 = Release|x86
		{2A507ADA-2C47-4B2C-AA90-8515C46751B2}.Ad-Hoc|x86.Deploy.0 = Release|x86
		{2A507ADA-2C47-4B2C-AA90-8515C46751B2}.AppStore|Any CPU.ActiveCfg = Release|x86
		{2A507ADA-2C47-4B2C-AA90-8515C46751B2}.AppStore|Any CPU.Build.0 = Release|x86
		{2A507ADA-2C47-4B2C-AA90-8515C46751B2}.AppStore|Any CPU.Deploy.0 = Release|x86
		{2A507ADA-2C47-4B2C-AA90-8515C46751B2}.AppStore|ARM.ActiveCfg = Release|ARM
		{2A507ADA-2C47-4B2C-AA90-8515C46751B2}.AppStore|ARM.Build.0 = Release|ARM
		{2A507ADA-2C47-4B2C-AA90-8515C46751B2}.AppStore|ARM.Deploy.0 = Release|ARM
		{2A507ADA-2C47-4B2C-AA90-8515C46751B2}.AppStore|iPhone.ActiveCfg = Release|x86
		{2A507ADA-2C47-4B2C-AA90-8515C46751B2}.AppStore|iPhone.Build.0 = Release|x86
		{2A507ADA-2C47-4B2C-AA90-8515C46751B2}.AppStore|iPhone.Deploy.0 = Release|x86
		{2A507ADA-2C47-4B2C-AA90-8515C46751B2}.AppStore|iPhoneSimulator.ActiveCfg = Release|x86
		{2A507ADA-2C47-4B2C-AA90-8515C46751B2}.AppStore|iPhoneSimulator.Build.0 = Release|x86
		{2A507ADA-2C47-4B2C-AA90-8515C46751B2}.AppStore|iPhoneSimulator.Deploy.0 = Release|x86
		{2A507ADA-2C47-4B2C-AA90-8515C46751B2}.AppStore|x64.ActiveCfg = Release|x64
		{2A507ADA-2C47-4B2C-AA90-8515C46751B2}.AppStore|x64.Build.0 = Release|x64
		{2A507ADA-2C47-4B2C-AA90-8515C46751B2}.AppStore|x64.Deploy.0 = Release|x64
		{2A507ADA-2C47-4B2C-AA90-8515C46751B2}.AppStore|x86.ActiveCfg = Release|x86
		{2A507ADA-2C47-4B2C-AA90-8515C46751B2}.AppStore|x86.Build.0 = Release|x86
		{2A507ADA-2C47-4B2C-AA90-8515C46751B2}.AppStore|x86.Deploy.0 = Release|x86
		{2A507ADA-2C47-4B2C-AA90-8515C46751B2}.Debug|Any CPU.ActiveCfg = Debug|x86
		{2A507ADA-2C47-4B2C-AA90-8515C46751B2}.Debug|ARM.ActiveCfg = Debug|ARM
		{2A507ADA-2C47-4B2C-AA90-8515C46751B2}.Debug|ARM.Build.0 = Debug|ARM
		{2A507ADA-2C47-4B2C-AA90-8515C46751B2}.Debug|ARM.Deploy.0 = Debug|ARM
		{2A507ADA-2C47-4B2C-AA90-8515C46751B2}.Debug|iPhone.ActiveCfg = Debug|x86
		{2A507ADA-2C47-4B2C-AA90-8515C46751B2}.Debug|iPhoneSimulator.ActiveCfg = Debug|x86
		{2A507ADA-2C47-4B2C-AA90-8515C46751B2}.Debug|x64.ActiveCfg = Debug|x64
		{2A507ADA-2C47-4B2C-AA90-8515C46751B2}.Debug|x64.Build.0 = Debug|x64
		{2A507ADA-2C47-4B2C-AA90-8515C46751B2}.Debug|x64.Deploy.0 = Debug|x64
		{2A507ADA-2C47-4B2C-AA90-8515C46751B2}.Debug|x86.ActiveCfg = Debug|x86
		{2A507ADA-2C47-4B2C-AA90-8515C46751B2}.Debug|x86.Build.0 = Debug|x86
		{2A507ADA-2C47-4B2C-AA90-8515C46751B2}.Debug|x86.Deploy.0 = Debug|x86
		{2A507ADA-2C47-4B2C-AA90-8515C46751B2}.Release|Any CPU.ActiveCfg = Release|x86
		{2A507ADA-2C47-4B2C-AA90-8515C46751B2}.Release|ARM.ActiveCfg = Release|ARM
		{2A507ADA-2C47-4B2C-AA90-8515C46751B2}.Release|ARM.Build.0 = Release|ARM
		{2A507ADA-2C47-4B2C-AA90-8515C46751B2}.Release|ARM.Deploy.0 = Release|ARM
		{2A507ADA-2C47-4B2C-AA90-8515C46751B2}.Release|iPhone.ActiveCfg = Release|x86
		{2A507ADA-2C47-4B2C-AA90-8515C46751B2}.Release|iPhoneSimulator.ActiveCfg = Release|x86
		{2A507ADA-2C47-4B2C-AA90-8515C46751B2}.Release|x64.ActiveCfg = Release|x64
		{2A507ADA-2C47-4B2C-AA90-8515C46751B2}.Release|x64.Build.0 = Release|x64
		{2A507ADA-2C47-4B2C-AA90-8515C46751B2}.Release|x64.Deploy.0 = Release|x64
		{2A507ADA-2C47-4B2C-AA90-8515C46751B2}.Release|x86.ActiveCfg = Release|x86
		{2A507ADA-2C47-4B2C-AA90-8515C46751B2}.Release|x86.Build.0 = Release|x86
		{2A507ADA-2C47-4B2C-AA90-8515C46751B2}.Release|x86.Deploy.0 = Release|x86
		{A90B4352-8CC5-4AAD-9C44-EB695CA27433}.Ad-Hoc|Any CPU.ActiveCfg = Release|Any CPU
		{A90B4352-8CC5-4AAD-9C44-EB695CA27433}.Ad-Hoc|Any CPU.Build.0 = Release|Any CPU
		{A90B4352-8CC5-4AAD-9C44-EB695CA27433}.Ad-Hoc|Any CPU.Deploy.0 = Release|Any CPU
		{A90B4352-8CC5-4AAD-9C44-EB695CA27433}.Ad-Hoc|ARM.ActiveCfg = Release|ARM
		{A90B4352-8CC5-4AAD-9C44-EB695CA27433}.Ad-Hoc|ARM.Build.0 = Release|ARM
		{A90B4352-8CC5-4AAD-9C44-EB695CA27433}.Ad-Hoc|ARM.Deploy.0 = Release|ARM
		{A90B4352-8CC5-4AAD-9C44-EB695CA27433}.Ad-Hoc|iPhone.ActiveCfg = Release|Any CPU
		{A90B4352-8CC5-4AAD-9C44-EB695CA27433}.Ad-Hoc|iPhone.Build.0 = Release|Any CPU
		{A90B4352-8CC5-4AAD-9C44-EB695CA27433}.Ad-Hoc|iPhone.Deploy.0 = Release|Any CPU
		{A90B4352-8CC5-4AAD-9C44-EB695CA27433}.Ad-Hoc|iPhoneSimulator.ActiveCfg = Release|Any CPU
		{A90B4352-8CC5-4AAD-9C44-EB695CA27433}.Ad-Hoc|iPhoneSimulator.Build.0 = Release|Any CPU
		{A90B4352-8CC5-4AAD-9C44-EB695CA27433}.Ad-Hoc|iPhoneSimulator.Deploy.0 = Release|Any CPU
		{A90B4352-8CC5-4AAD-9C44-EB695CA27433}.Ad-Hoc|x64.ActiveCfg = Release|x64
		{A90B4352-8CC5-4AAD-9C44-EB695CA27433}.Ad-Hoc|x64.Build.0 = Release|x64
		{A90B4352-8CC5-4AAD-9C44-EB695CA27433}.Ad-Hoc|x64.Deploy.0 = Release|x64
		{A90B4352-8CC5-4AAD-9C44-EB695CA27433}.Ad-Hoc|x86.ActiveCfg = Release|x86
		{A90B4352-8CC5-4AAD-9C44-EB695CA27433}.Ad-Hoc|x86.Build.0 = Release|x86
		{A90B4352-8CC5-4AAD-9C44-EB695CA27433}.Ad-Hoc|x86.Deploy.0 = Release|x86
		{A90B4352-8CC5-4AAD-9C44-EB695CA27433}.AppStore|Any CPU.ActiveCfg = Release|Any CPU
		{A90B4352-8CC5-4AAD-9C44-EB695CA27433}.AppStore|Any CPU.Build.0 = Release|Any CPU
		{A90B4352-8CC5-4AAD-9C44-EB695CA27433}.AppStore|Any CPU.Deploy.0 = Release|Any CPU
		{A90B4352-8CC5-4AAD-9C44-EB695CA27433}.AppStore|ARM.ActiveCfg = Release|ARM
		{A90B4352-8CC5-4AAD-9C44-EB695CA27433}.AppStore|ARM.Build.0 = Release|ARM
		{A90B4352-8CC5-4AAD-9C44-EB695CA27433}.AppStore|ARM.Deploy.0 = Release|ARM
		{A90B4352-8CC5-4AAD-9C44-EB695CA27433}.AppStore|iPhone.ActiveCfg = Release|Any CPU
		{A90B4352-8CC5-4AAD-9C44-EB695CA27433}.AppStore|iPhone.Build.0 = Release|Any CPU
		{A90B4352-8CC5-4AAD-9C44-EB695CA27433}.AppStore|iPhone.Deploy.0 = Release|Any CPU
		{A90B4352-8CC5-4AAD-9C44-EB695CA27433}.AppStore|iPhoneSimulator.ActiveCfg = Release|Any CPU
		{A90B4352-8CC5-4AAD-9C44-EB695CA27433}.AppStore|iPhoneSimulator.Build.0 = Release|Any CPU
		{A90B4352-8CC5-4AAD-9C44-EB695CA27433}.AppStore|iPhoneSimulator.Deploy.0 = Release|Any CPU
		{A90B4352-8CC5-4AAD-9C44-EB695CA27433}.AppStore|x64.ActiveCfg = Release|x64
		{A90B4352-8CC5-4AAD-9C44-EB695CA27433}.AppStore|x64.Build.0 = Release|x64
		{A90B4352-8CC5-4AAD-9C44-EB695CA27433}.AppStore|x64.Deploy.0 = Release|x64
		{A90B4352-8CC5-4AAD-9C44-EB695CA27433}.AppStore|x86.ActiveCfg = Release|x86
		{A90B4352-8CC5-4AAD-9C44-EB695CA27433}.AppStore|x86.Build.0 = Release|x86
		{A90B4352-8CC5-4AAD-9C44-EB695CA27433}.AppStore|x86.Deploy.0 = Release|x86
		{A90B4352-8CC5-4AAD-9C44-EB695CA27433}.Debug|Any CPU.ActiveCfg = Debug|Any CPU
		{A90B4352-8CC5-4AAD-9C44-EB695CA27433}.Debug|Any CPU.Build.0 = Debug|Any CPU
		{A90B4352-8CC5-4AAD-9C44-EB695CA27433}.Debug|Any CPU.Deploy.0 = Debug|Any CPU
		{A90B4352-8CC5-4AAD-9C44-EB695CA27433}.Debug|ARM.ActiveCfg = Debug|ARM
		{A90B4352-8CC5-4AAD-9C44-EB695CA27433}.Debug|ARM.Build.0 = Debug|ARM
		{A90B4352-8CC5-4AAD-9C44-EB695CA27433}.Debug|ARM.Deploy.0 = Debug|ARM
		{A90B4352-8CC5-4AAD-9C44-EB695CA27433}.Debug|iPhone.ActiveCfg = Debug|Any CPU
		{A90B4352-8CC5-4AAD-9C44-EB695CA27433}.Debug|iPhone.Build.0 = Debug|Any CPU
		{A90B4352-8CC5-4AAD-9C44-EB695CA27433}.Debug|iPhone.Deploy.0 = Debug|Any CPU
		{A90B4352-8CC5-4AAD-9C44-EB695CA27433}.Debug|iPhoneSimulator.ActiveCfg = Debug|Any CPU
		{A90B4352-8CC5-4AAD-9C44-EB695CA27433}.Debug|iPhoneSimulator.Build.0 = Debug|Any CPU
		{A90B4352-8CC5-4AAD-9C44-EB695CA27433}.Debug|iPhoneSimulator.Deploy.0 = Debug|Any CPU
		{A90B4352-8CC5-4AAD-9C44-EB695CA27433}.Debug|x64.ActiveCfg = Debug|x64
		{A90B4352-8CC5-4AAD-9C44-EB695CA27433}.Debug|x64.Build.0 = Debug|x64
		{A90B4352-8CC5-4AAD-9C44-EB695CA27433}.Debug|x64.Deploy.0 = Debug|x64
		{A90B4352-8CC5-4AAD-9C44-EB695CA27433}.Debug|x86.ActiveCfg = Debug|x86
		{A90B4352-8CC5-4AAD-9C44-EB695CA27433}.Debug|x86.Build.0 = Debug|x86
		{A90B4352-8CC5-4AAD-9C44-EB695CA27433}.Debug|x86.Deploy.0 = Debug|x86
		{A90B4352-8CC5-4AAD-9C44-EB695CA27433}.Release|Any CPU.ActiveCfg = Release|Any CPU
		{A90B4352-8CC5-4AAD-9C44-EB695CA27433}.Release|Any CPU.Build.0 = Release|Any CPU
		{A90B4352-8CC5-4AAD-9C44-EB695CA27433}.Release|Any CPU.Deploy.0 = Release|Any CPU
		{A90B4352-8CC5-4AAD-9C44-EB695CA27433}.Release|ARM.ActiveCfg = Release|ARM
		{A90B4352-8CC5-4AAD-9C44-EB695CA27433}.Release|ARM.Build.0 = Release|ARM
		{A90B4352-8CC5-4AAD-9C44-EB695CA27433}.Release|ARM.Deploy.0 = Release|ARM
		{A90B4352-8CC5-4AAD-9C44-EB695CA27433}.Release|iPhone.ActiveCfg = Release|Any CPU
		{A90B4352-8CC5-4AAD-9C44-EB695CA27433}.Release|iPhone.Build.0 = Release|Any CPU
		{A90B4352-8CC5-4AAD-9C44-EB695CA27433}.Release|iPhone.Deploy.0 = Release|Any CPU
		{A90B4352-8CC5-4AAD-9C44-EB695CA27433}.Release|iPhoneSimulator.ActiveCfg = Release|Any CPU
		{A90B4352-8CC5-4AAD-9C44-EB695CA27433}.Release|iPhoneSimulator.Build.0 = Release|Any CPU
		{A90B4352-8CC5-4AAD-9C44-EB695CA27433}.Release|iPhoneSimulator.Deploy.0 = Release|Any CPU
		{A90B4352-8CC5-4AAD-9C44-EB695CA27433}.Release|x64.ActiveCfg = Release|x64
		{A90B4352-8CC5-4AAD-9C44-EB695CA27433}.Release|x64.Build.0 = Release|x64
		{A90B4352-8CC5-4AAD-9C44-EB695CA27433}.Release|x64.Deploy.0 = Release|x64
		{A90B4352-8CC5-4AAD-9C44-EB695CA27433}.Release|x86.ActiveCfg = Release|x86
		{A90B4352-8CC5-4AAD-9C44-EB695CA27433}.Release|x86.Build.0 = Release|x86
		{A90B4352-8CC5-4AAD-9C44-EB695CA27433}.Release|x86.Deploy.0 = Release|x86
	EndGlobalSection
	GlobalSection(SolutionProperties) = preSolution
		HideSolutionNode = FALSE
	EndGlobalSection
EndGlobal
